// !$*UTF8*$!
{
	archiveVersion = 1;
	classes = {
	};
	objectVersion = 46;
	objects = {

/* Begin PBXBuildFile section */
		7EBA38CA17BE182A007C7CCA /* UIKit.framework in Frameworks */ = {isa = PBXBuildFile; fileRef = 7EBA38C917BE182A007C7CCA /* UIKit.framework */; };
		7EBA38CC17BE182A007C7CCA /* Foundation.framework in Frameworks */ = {isa = PBXBuildFile; fileRef = 7EBA38CB17BE182A007C7CCA /* Foundation.framework */; };
		7EBA38CE17BE182A007C7CCA /* CoreGraphics.framework in Frameworks */ = {isa = PBXBuildFile; fileRef = 7EBA38CD17BE182A007C7CCA /* CoreGraphics.framework */; };
		7EBA38D417BE182A007C7CCA /* InfoPlist.strings in Resources */ = {isa = PBXBuildFile; fileRef = 7EBA38D217BE182A007C7CCA /* InfoPlist.strings */; };
		7EBA38D617BE182A007C7CCA /* main.m in Sources */ = {isa = PBXBuildFile; fileRef = 7EBA38D517BE182A007C7CCA /* main.m */; };
		7EBA38DA17BE182A007C7CCA /* Simple_TableAppDelegate.m in Sources */ = {isa = PBXBuildFile; fileRef = 7EBA38D917BE182A007C7CCA /* Simple_TableAppDelegate.m */; };
		7EBA38DC17BE182A007C7CCA /* Default.png in Resources */ = {isa = PBXBuildFile; fileRef = 7EBA38DB17BE182A007C7CCA /* Default.png */; };
		7EBA38DE17BE182A007C7CCA /* Default@2x.png in Resources */ = {isa = PBXBuildFile; fileRef = 7EBA38DD17BE182A007C7CCA /* Default@2x.png */; };
		7EBA38E017BE182A007C7CCA /* Default-568h@2x.png in Resources */ = {isa = PBXBuildFile; fileRef = 7EBA38DF17BE182A007C7CCA /* Default-568h@2x.png */; };
		7EBA38E317BE182A007C7CCA /* MainStoryboard.storyboard in Resources */ = {isa = PBXBuildFile; fileRef = 7EBA38E117BE182A007C7CCA /* MainStoryboard.storyboard */; };
		7EBA38E617BE182A007C7CCA /* Simple_TableViewController.m in Sources */ = {isa = PBXBuildFile; fileRef = 7EBA38E517BE182A007C7CCA /* Simple_TableViewController.m */; };
		7EBA38EE17BE182A007C7CCA /* SenTestingKit.framework in Frameworks */ = {isa = PBXBuildFile; fileRef = 7EBA38ED17BE182A007C7CCA /* SenTestingKit.framework */; };
		7EBA38EF17BE182A007C7CCA /* UIKit.framework in Frameworks */ = {isa = PBXBuildFile; fileRef = 7EBA38C917BE182A007C7CCA /* UIKit.framework */; };
		7EBA38F017BE182A007C7CCA /* Foundation.framework in Frameworks */ = {isa = PBXBuildFile; fileRef = 7EBA38CB17BE182A007C7CCA /* Foundation.framework */; };
		7EBA38F817BE182A007C7CCA /* InfoPlist.strings in Resources */ = {isa = PBXBuildFile; fileRef = 7EBA38F617BE182A007C7CCA /* InfoPlist.strings */; };
		7EBA38FB17BE182A007C7CCA /* Simple_TableTests.m in Sources */ = {isa = PBXBuildFile; fileRef = 7EBA38FA17BE182A007C7CCA /* Simple_TableTests.m */; };
/* End PBXBuildFile section */

/* Begin PBXContainerItemProxy section */
		7EBA38F117BE182A007C7CCA /* PBXContainerItemProxy */ = {
			isa = PBXContainerItemProxy;
			containerPortal = 7EBA38BE17BE1829007C7CCA /* Project object */;
			proxyType = 1;
			remoteGlobalIDString = 7EBA38C517BE182A007C7CCA;
			remoteInfo = "Simple Table";
		};
/* End PBXContainerItemProxy section */

/* Begin PBXFileReference section */
		7EBA38C617BE182A007C7CCA /* Simple Table.app */ = {isa = PBXFileReference; explicitFileType = wrapper.application; includeInIndex = 0; path = "Simple Table.app"; sourceTree = BUILT_PRODUCTS_DIR; };
		7EBA38C917BE182A007C7CCA /* UIKit.framework */ = {isa = PBXFileReference; lastKnownFileType = wrapper.framework; name = UIKit.framework; path = System/Library/Frameworks/UIKit.framework; sourceTree = SDKROOT; };
		7EBA38CB17BE182A007C7CCA /* Foundation.framework */ = {isa = PBXFileReference; lastKnownFileType = wrapper.framework; name = Foundation.framework; path = System/Library/Frameworks/Foundation.framework; sourceTree = SDKROOT; };
		7EBA38CD17BE182A007C7CCA /* CoreGraphics.framework */ = {isa = PBXFileReference; lastKnownFileType = wrapper.framework; name = CoreGraphics.framework; path = System/Library/Frameworks/CoreGraphics.framework; sourceTree = SDKROOT; };
		7EBA38D117BE182A007C7CCA /* Simple Table-Info.plist */ = {isa = PBXFileReference; lastKnownFileType = text.plist.xml; path = "Simple Table-Info.plist"; sourceTree = "<group>"; };
		7EBA38D317BE182A007C7CCA /* en */ = {isa = PBXFileReference; lastKnownFileType = text.plist.strings; name = en; path = en.lproj/InfoPlist.strings; sourceTree = "<group>"; };
		7EBA38D517BE182A007C7CCA /* main.m */ = {isa = PBXFileReference; lastKnownFileType = sourcecode.c.objc; path = main.m; sourceTree = "<group>"; };
		7EBA38D717BE182A007C7CCA /* Simple Table-Prefix.pch */ = {isa = PBXFileReference; lastKnownFileType = sourcecode.c.h; path = "Simple Table-Prefix.pch"; sourceTree = "<group>"; };
		7EBA38D817BE182A007C7CCA /* Simple_TableAppDelegate.h */ = {isa = PBXFileReference; lastKnownFileType = sourcecode.c.h; path = Simple_TableAppDelegate.h; sourceTree = "<group>"; };
		7EBA38D917BE182A007C7CCA /* Simple_TableAppDelegate.m */ = {isa = PBXFileReference; lastKnownFileType = sourcecode.c.objc; path = Simple_TableAppDelegate.m; sourceTree = "<group>"; };
		7EBA38DB17BE182A007C7CCA /* Default.png */ = {isa = PBXFileReference; lastKnownFileType = image.png; path = Default.png; sourceTree = "<group>"; };
		7EBA38DD17BE182A007C7CCA /* Default@2x.png */ = {isa = PBXFileReference; lastKnownFileType = image.png; path = "Default@2x.png"; sourceTree = "<group>"; };
		7EBA38DF17BE182A007C7CCA /* Default-568h@2x.png */ = {isa = PBXFileReference; lastKnownFileType = image.png; path = "Default-568h@2x.png"; sourceTree = "<group>"; };
		7EBA38E217BE182A007C7CCA /* en */ = {isa = PBXFileReference; lastKnownFileType = file.storyboard; name = en; path = en.lproj/MainStoryboard.storyboard; sourceTree = "<group>"; };
		7EBA38E417BE182A007C7CCA /* Simple_TableViewController.h */ = {isa = PBXFileReference; lastKnownFileType = sourcecode.c.h; path = Simple_TableViewController.h; sourceTree = "<group>"; };
		7EBA38E517BE182A007C7CCA /* Simple_TableViewController.m */ = {isa = PBXFileReference; lastKnownFileType = sourcecode.c.objc; path = Simple_TableViewController.m; sourceTree = "<group>"; };
		7EBA38EC17BE182A007C7CCA /* Simple TableTests.octest */ = {isa = PBXFileReference; explicitFileType = wrapper.cfbundle; includeInIndex = 0; path = "Simple TableTests.octest"; sourceTree = BUILT_PRODUCTS_DIR; };
		7EBA38ED17BE182A007C7CCA /* SenTestingKit.framework */ = {isa = PBXFileReference; lastKnownFileType = wrapper.framework; name = SenTestingKit.framework; path = Library/Frameworks/SenTestingKit.framework; sourceTree = DEVELOPER_DIR; };
		7EBA38F517BE182A007C7CCA /* Simple TableTests-Info.plist */ = {isa = PBXFileReference; lastKnownFileType = text.plist.xml; path = "Simple TableTests-Info.plist"; sourceTree = "<group>"; };
		7EBA38F717BE182A007C7CCA /* en */ = {isa = PBXFileReference; lastKnownFileType = text.plist.strings; name = en; path = en.lproj/InfoPlist.strings; sourceTree = "<group>"; };
		7EBA38F917BE182A007C7CCA /* Simple_TableTests.h */ = {isa = PBXFileReference; lastKnownFileType = sourcecode.c.h; path = Simple_TableTests.h; sourceTree = "<group>"; };
		7EBA38FA17BE182A007C7CCA /* Simple_TableTests.m */ = {isa = PBXFileReference; lastKnownFileType = sourcecode.c.objc; path = Simple_TableTests.m; sourceTree = "<group>"; };
/* End PBXFileReference section */

/* Begin PBXFrameworksBuildPhase section */
		7EBA38C317BE182A007C7CCA /* Frameworks */ = {
			isa = PBXFrameworksBuildPhase;
			buildActionMask = 2147483647;
			files = (
				7EBA38CA17BE182A007C7CCA /* UIKit.framework in Frameworks */,
				7EBA38CC17BE182A007C7CCA /* Foundation.framework in Frameworks */,
				7EBA38CE17BE182A007C7CCA /* CoreGraphics.framework in Frameworks */,
			);
			runOnlyForDeploymentPostprocessing = 0;
		};
		7EBA38E817BE182A007C7CCA /* Frameworks */ = {
			isa = PBXFrameworksBuildPhase;
			buildActionMask = 2147483647;
			files = (
				7EBA38EE17BE182A007C7CCA /* SenTestingKit.framework in Frameworks */,
				7EBA38EF17BE182A007C7CCA /* UIKit.framework in Frameworks */,
				7EBA38F017BE182A007C7CCA /* Foundation.framework in Frameworks */,
			);
			runOnlyForDeploymentPostprocessing = 0;
		};
/* End PBXFrameworksBuildPhase section */

/* Begin PBXGroup section */
		7EBA38BD17BE1829007C7CCA = {
			isa = PBXGroup;
			children = (
				7EBA38CF17BE182A007C7CCA /* Simple Table */,
				7EBA38F317BE182A007C7CCA /* Simple TableTests */,
				7EBA38C817BE182A007C7CCA /* Frameworks */,
				7EBA38C717BE182A007C7CCA /* Products */,
			);
			sourceTree = "<group>";
		};
		7EBA38C717BE182A007C7CCA /* Products */ = {
			isa = PBXGroup;
			children = (
				7EBA38C617BE182A007C7CCA /* Simple Table.app */,
				7EBA38EC17BE182A007C7CCA /* Simple TableTests.octest */,
			);
			name = Products;
			sourceTree = "<group>";
		};
		7EBA38C817BE182A007C7CCA /* Frameworks */ = {
			isa = PBXGroup;
			children = (
				7EBA38C917BE182A007C7CCA /* UIKit.framework */,
				7EBA38CB17BE182A007C7CCA /* Foundation.framework */,
				7EBA38CD17BE182A007C7CCA /* CoreGraphics.framework */,
				7EBA38ED17BE182A007C7CCA /* SenTestingKit.framework */,
			);
			name = Frameworks;
			sourceTree = "<group>";
		};
		7EBA38CF17BE182A007C7CCA /* Simple Table */ = {
			isa = PBXGroup;
			children = (
				7EBA38D817BE182A007C7CCA /* Simple_TableAppDelegate.h */,
				7EBA38D917BE182A007C7CCA /* Simple_TableAppDelegate.m */,
				7EBA38E117BE182A007C7CCA /* MainStoryboard.storyboard */,
				7EBA38E417BE182A007C7CCA /* Simple_TableViewController.h */,
				7EBA38E517BE182A007C7CCA /* Simple_TableViewController.m */,
				7EBA38D017BE182A007C7CCA /* Supporting Files */,
			);
			path = "Simple Table";
			sourceTree = "<group>";
		};
		7EBA38D017BE182A007C7CCA /* Supporting Files */ = {
			isa = PBXGroup;
			children = (
				7EBA38D117BE182A007C7CCA /* Simple Table-Info.plist */,
				7EBA38D217BE182A007C7CCA /* InfoPlist.strings */,
				7EBA38D517BE182A007C7CCA /* main.m */,
				7EBA38D717BE182A007C7CCA /* Simple Table-Prefix.pch */,
				7EBA38DB17BE182A007C7CCA /* Default.png */,
				7EBA38DD17BE182A007C7CCA /* Default@2x.png */,
				7EBA38DF17BE182A007C7CCA /* Default-568h@2x.png */,
			);
			name = "Supporting Files";
			sourceTree = "<group>";
		};
		7EBA38F317BE182A007C7CCA /* Simple TableTests */ = {
			isa = PBXGroup;
			children = (
				7EBA38F917BE182A007C7CCA /* Simple_TableTests.h */,
				7EBA38FA17BE182A007C7CCA /* Simple_TableTests.m */,
				7EBA38F417BE182A007C7CCA /* Supporting Files */,
			);
			path = "Simple TableTests";
			sourceTree = "<group>";
		};
		7EBA38F417BE182A007C7CCA /* Supporting Files */ = {
			isa = PBXGroup;
			children = (
				7EBA38F517BE182A007C7CCA /* Simple TableTests-Info.plist */,
				7EBA38F617BE182A007C7CCA /* InfoPlist.strings */,
			);
			name = "Supporting Files";
			sourceTree = "<group>";
		};
/* End PBXGroup section */

/* Begin PBXNativeTarget section */
		7EBA38C517BE182A007C7CCA /* Simple Table */ = {
			isa = PBXNativeTarget;
			buildConfigurationList = 7EBA38FE17BE182A007C7CCA /* Build configuration list for PBXNativeTarget "Simple Table" */;
			buildPhases = (
				7EBA38C217BE182A007C7CCA /* Sources */,
				7EBA38C317BE182A007C7CCA /* Frameworks */,
				7EBA38C417BE182A007C7CCA /* Resources */,
			);
			buildRules = (
			);
			dependencies = (
			);
			name = "Simple Table";
			productName = "Simple Table";
			productReference = 7EBA38C617BE182A007C7CCA /* Simple Table.app */;
			productType = "com.apple.product-type.application";
		};
		7EBA38EB17BE182A007C7CCA /* Simple TableTests */ = {
			isa = PBXNativeTarget;
			buildConfigurationList = 7EBA390117BE182A007C7CCA /* Build configuration list for PBXNativeTarget "Simple TableTests" */;
			buildPhases = (
				7EBA38E717BE182A007C7CCA /* Sources */,
				7EBA38E817BE182A007C7CCA /* Frameworks */,
				7EBA38E917BE182A007C7CCA /* Resources */,
				7EBA38EA17BE182A007C7CCA /* ShellScript */,
			);
			buildRules = (
			);
			dependencies = (
				7EBA38F217BE182A007C7CCA /* PBXTargetDependency */,
			);
			name = "Simple TableTests";
			productName = "Simple TableTests";
			productReference = 7EBA38EC17BE182A007C7CCA /* Simple TableTests.octest */;
			productType = "com.apple.product-type.bundle";
		};
/* End PBXNativeTarget section */

/* Begin PBXProject section */
		7EBA38BE17BE1829007C7CCA /* Project object */ = {
			isa = PBXProject;
			attributes = {
				CLASSPREFIX = Simple_Table;
				LastUpgradeCheck = 0460;
				ORGANIZATIONNAME = "王 鹏";
			};
			buildConfigurationList = 7EBA38C117BE182A007C7CCA /* Build configuration list for PBXProject "Simple Table" */;
			compatibilityVersion = "Xcode 3.2";
			developmentRegion = English;
			hasScannedForEncodings = 0;
			knownRegions = (
				en,
			);
			mainGroup = 7EBA38BD17BE1829007C7CCA;
			productRefGroup = 7EBA38C717BE182A007C7CCA /* Products */;
			projectDirPath = "";
			projectRoot = "";
			targets = (
				7EBA38C517BE182A007C7CCA /* Simple Table */,
				7EBA38EB17BE182A007C7CCA /* Simple TableTests */,
			);
		};
/* End PBXProject section */

/* Begin PBXResourcesBuildPhase section */
		7EBA38C417BE182A007C7CCA /* Resources */ = {
			isa = PBXResourcesBuildPhase;
			buildActionMask = 2147483647;
			files = (
				7EBA38D417BE182A007C7CCA /* InfoPlist.strings in Resources */,
				7EBA38DC17BE182A007C7CCA /* Default.png in Resources */,
				7EBA38DE17BE182A007C7CCA /* Default@2x.png in Resources */,
				7EBA38E017BE182A007C7CCA /* Default-568h@2x.png in Resources */,
				7EBA38E317BE182A007C7CCA /* MainStoryboard.storyboard in Resources */,
			);
			runOnlyForDeploymentPostprocessing = 0;
		};
		7EBA38E917BE182A007C7CCA /* Resources */ = {
			isa = PBXResourcesBuildPhase;
			buildActionMask = 2147483647;
			files = (
				7EBA38F817BE182A007C7CCA /* InfoPlist.strings in Resources */,
			);
			runOnlyForDeploymentPostprocessing = 0;
		};
/* End PBXResourcesBuildPhase section */

/* Begin PBXShellScriptBuildPhase section */
		7EBA38EA17BE182A007C7CCA /* ShellScript */ = {
			isa = PBXShellScriptBuildPhase;
			buildActionMask = 2147483647;
			files = (
			);
			inputPaths = (
			);
			outputPaths = (
			);
			runOnlyForDeploymentPostprocessing = 0;
			shellPath = /bin/sh;
			shellScript = "# Run the unit tests in this test bundle.\n\"${SYSTEM_DEVELOPER_DIR}/Tools/RunUnitTests\"\n";
		};
/* End PBXShellScriptBuildPhase section */

/* Begin PBXSourcesBuildPhase section */
		7EBA38C217BE182A007C7CCA /* Sources */ = {
			isa = PBXSourcesBuildPhase;
			buildActionMask = 2147483647;
			files = (
				7EBA38D617BE182A007C7CCA /* main.m in Sources */,
				7EBA38DA17BE182A007C7CCA /* Simple_TableAppDelegate.m in Sources */,
				7EBA38E617BE182A007C7CCA /* Simple_TableViewController.m in Sources */,
			);
			runOnlyForDeploymentPostprocessing = 0;
		};
		7EBA38E717BE182A007C7CCA /* Sources */ = {
			isa = PBXSourcesBuildPhase;
			buildActionMask = 2147483647;
			files = (
				7EBA38FB17BE182A007C7CCA /* Simple_TableTests.m in Sources */,
			);
			runOnlyForDeploymentPostprocessing = 0;
		};
/* End PBXSourcesBuildPhase section */

/* Begin PBXTargetDependency section */
		7EBA38F217BE182A007C7CCA /* PBXTargetDependency */ = {
			isa = PBXTargetDependency;
			target = 7EBA38C517BE182A007C7CCA /* Simple Table */;
			targetProxy = 7EBA38F117BE182A007C7CCA /* PBXContainerItemProxy */;
		};
/* End PBXTargetDependency section */

/* Begin PBXVariantGroup section */
		7EBA38D217BE182A007C7CCA /* InfoPlist.strings */ = {
			isa = PBXVariantGroup;
			children = (
				7EBA38D317BE182A007C7CCA /* en */,
			);
			name = InfoPlist.strings;
			sourceTree = "<group>";
		};
		7EBA38E117BE182A007C7CCA /* MainStoryboard.storyboard */ = {
			isa = PBXVariantGroup;
			children = (
				7EBA38E217BE182A007C7CCA /* en */,
			);
			name = MainStoryboard.storyboard;
			sourceTree = "<group>";
		};
		7EBA38F617BE182A007C7CCA /* InfoPlist.strings */ = {
			isa = PBXVariantGroup;
			children = (
				7EBA38F717BE182A007C7CCA /* en */,
			);
			name = InfoPlist.strings;
			sourceTree = "<group>";
		};
/* End PBXVariantGroup section */

/* Begin XCBuildConfiguration section */
		7EBA38FC17BE182A007C7CCA /* Debug */ = {
			isa = XCBuildConfiguration;
			buildSettings = {
				ALWAYS_SEARCH_USER_PATHS = NO;
				CLANG_CXX_LANGUAGE_STANDARD = "gnu++0x";
				CLANG_CXX_LIBRARY = "libc++";
				CLANG_ENABLE_OBJC_ARC = NO;
				CLANG_WARN_CONSTANT_CONVERSION = YES;
				CLANG_WARN_EMPTY_BODY = YES;
				CLANG_WARN_ENUM_CONVERSION = YES;
				CLANG_WARN_INT_CONVERSION = YES;
				CLANG_WARN__DUPLICATE_METHOD_MATCH = YES;
				"CODE_SIGN_IDENTITY[sdk=iphoneos*]" = "iPhone Developer";
				COPY_PHASE_STRIP = NO;
				GCC_C_LANGUAGE_STANDARD = gnu99;
				GCC_DYNAMIC_NO_PIC = NO;
				GCC_OPTIMIZATION_LEVEL = 0;
				GCC_PREPROCESSOR_DEFINITIONS = (
					"DEBUG=1",
					"$(inherited)",
				);
				GCC_SYMBOLS_PRIVATE_EXTERN = NO;
				GCC_WARN_ABOUT_RETURN_TYPE = YES;
				GCC_WARN_UNINITIALIZED_AUTOS = YES;
				GCC_WARN_UNUSED_VARIABLE = YES;
				IPHONEOS_DEPLOYMENT_TARGET = 6.1;
				ONLY_ACTIVE_ARCH = YES;
				SDKROOT = iphoneos;
			};
			name = Debug;
		};
		7EBA38FD17BE182A007C7CCA /* Release */ = {
			isa = XCBuildConfiguration;
			buildSettings = {
				ALWAYS_SEARCH_USER_PATHS = NO;
				CLANG_CXX_LANGUAGE_STANDARD = "gnu++0x";
				CLANG_CXX_LIBRARY = "libc++";
				CLANG_ENABLE_OBJC_ARC = NO;
				CLANG_WARN_CONSTANT_CONVERSION = YES;
				CLANG_WARN_EMPTY_BODY = YES;
				CLANG_WARN_ENUM_CONVERSION = YES;
				CLANG_WARN_INT_CONVERSION = YES;
				CLANG_WARN__DUPLICATE_METHOD_MATCH = YES;
				"CODE_SIGN_IDENTITY[sdk=iphoneos*]" = "iPhone Developer";
				COPY_PHASE_STRIP = YES;
				GCC_C_LANGUAGE_STANDARD = gnu99;
				GCC_WARN_ABOUT_RETURN_TYPE = YES;
				GCC_WARN_UNINITIALIZED_AUTOS = YES;
				GCC_WARN_UNUSED_VARIABLE = YES;
				IPHONEOS_DEPLOYMENT_TARGET = 6.1;
				OTHER_CFLAGS = "-DNS_BLOCK_ASSERTIONS=1";
				SDKROOT = iphoneos;
				VALIDATE_PRODUCT = YES;
			};
			name = Release;
		};
		7EBA38FF17BE182A007C7CCA /* Debug */ = {
			isa = XCBuildConfiguration;
			buildSettings = {
				GCC_PRECOMPILE_PREFIX_HEADER = YES;
				GCC_PREFIX_HEADER = "Simple Table/Simple Table-Prefix.pch";
				INFOPLIST_FILE = "Simple Table/Simple Table-Info.plist";
				PRODUCT_NAME = "$(TARGET_NAME)";
				WRAPPER_EXTENSION = app;
			};
			name = Debug;
		};
		7EBA390017BE182A007C7CCA /* Release */ = {
			isa = XCBuildConfiguration;
			buildSettings = {
				GCC_PRECOMPILE_PREFIX_HEADER = YES;
				GCC_PREFIX_HEADER = "Simple Table/Simple Table-Prefix.pch";
				INFOPLIST_FILE = "Simple Table/Simple Table-Info.plist";
				PRODUCT_NAME = "$(TARGET_NAME)";
				WRAPPER_EXTENSION = app;
			};
			name = Release;
		};
		7EBA390217BE182A007C7CCA /* Debug */ = {
			isa = XCBuildConfiguration;
			buildSettings = {
				BUNDLE_LOADER = "$(BUILT_PRODUCTS_DIR)/Simple Table.app/Simple Table";
				FRAMEWORK_SEARCH_PATHS = (
					"\"$(SDKROOT)/Developer/Library/Frameworks\"",
					"\"$(DEVELOPER_LIBRARY_DIR)/Frameworks\"",
				);
				GCC_PRECOMPILE_PREFIX_HEADER = YES;
				GCC_PREFIX_HEADER = "Simple Table/Simple Table-Prefix.pch";
				INFOPLIST_FILE = "Simple TableTests/Simple TableTests-Info.plist";
				PRODUCT_NAME = "$(TARGET_NAME)";
				TEST_HOST = "$(BUNDLE_LOADER)";
				WRAPPER_EXTENSION = octest;
			};
			name = Debug;
		};
		7EBA390317BE182A007C7CCA /* Release */ = {
			isa = XCBuildConfiguration;
			buildSettings = {
				BUNDLE_LOADER = "$(BUILT_PRODUCTS_DIR)/Simple Table.app/Simple Table";
				FRAMEWORK_SEARCH_PATHS = (
					"\"$(SDKROOT)/Developer/Library/Frameworks\"",
					"\"$(DEVELOPER_LIBRARY_DIR)/Frameworks\"",
				);
				GCC_PRECOMPILE_PREFIX_HEADER = YES;
				GCC_PREFIX_HEADER = "Simple Table/Simple Table-Prefix.pch";
				INFOPLIST_FILE = "Simple TableTests/Simple TableTests-Info.plist";
				PRODUCT_NAME = "$(TARGET_NAME)";
				TEST_HOST = "$(BUNDLE_LOADER)";
				WRAPPER_EXTENSION = octest;
			};
			name = Release;
		};
/* End XCBuildConfiguration section */

/* Begin XCConfigurationList section */
		7EBA38C117BE182A007C7CCA /* Build configuration list for PBXProject "Simple Table" */ = {
			isa = XCConfigurationList;
			buildConfigurations = (
				7EBA38FC17BE182A007C7CCA /* Debug */,
				7EBA38FD17BE182A007C7CCA /* Release */,
			);
			defaultConfigurationIsVisible = 0;
			defaultConfigurationName = Release;
		};
		7EBA38FE17BE182A007C7CCA /* Build configuration list for PBXNativeTarget "Simple Table" */ = {
			isa = XCConfigurationList;
			buildConfigurations = (
				7EBA38FF17BE182A007C7CCA /* Debug */,
				7EBA390017BE182A007C7CCA /* Release */,
			);
			defaultConfigurationIsVisible = 0;
		};
		7EBA390117BE182A007C7CCA /* Build configuration list for PBXNativeTarget "Simple TableTests" */ = {
			isa = XCConfigurationList;
			buildConfigurations = (
				7EBA390217BE182A007C7CCA /* Debug */,
				7EBA390317BE182A007C7CCA /* Release */,
			);
			defaultConfigurationIsVisible = 0;
		};
/* End XCConfigurationList section */
	};
	rootObject = 7EBA38BE17BE1829007C7CCA /* Project object */;
}
